
Microsoft Visual Studio Solution File, Format Version 12.00
# Visual Studio Version 16
VisualStudioVersion = 16.0.31624.102
MinimumVisualStudioVersion = 10.0.40219.1
Project("{9A19103F-16F7-4668-BE54-9A1E7A4F7556}") = "prakticni_zadatak_wm", "prakticni_zadatak_wm\prakticni_zadatak_wm.csproj", "{6BC85C06-0925-4341-AF10-7AB7C2E9B068}"
EndProject
Global
	GlobalSection(SolutionConfigurationPlatforms) = preSolution
		Debug|Any CPU = Debug|Any CPU
		Release|Any CPU = Release|Any CPU
	EndGlobalSection
	GlobalSection(ProjectConfigurationPlatforms) = postSolution
		{6BC85C06-0925-4341-AF10-7AB7C2E9B068}.Debug|Any CPU.ActiveCfg = Debug|Any CPU
		{6BC85C06-0925-4341-AF10-7AB7C2E9B068}.Debug|Any CPU.Build.0 = Debug|Any CPU
		{6BC85C06-0925-4341-AF10-7AB7C2E9B068}.Release|Any CPU.ActiveCfg = Release|Any CPU
		{6BC85C06-0925-4341-AF10-7AB7C2E9B068}.Release|Any CPU.Build.0 = Release|Any CPU
	EndGlobalSection
	GlobalSection(SolutionProperties) = preSolution
		HideSolutionNode = FALSE
	EndGlobalSection
	GlobalSection(ExtensibilityGlobals) = postSolution
		SolutionGuid = {F4F430EE-CD68-4228-983B-32374DBE2597}
	EndGlobalSection
EndGlobal
